
Microsoft Visual Studio Solution File, Format Version 12.00
# Visual Studio Version 17
VisualStudioVersion = 17.11.35219.272
MinimumVisualStudioVersion = 10.0.40219.1
Project("{9A19103F-16F7-4668-BE54-9A1E7A4F7556}") = "Med Storage Backend", "Med Storage App\Med Storage Backend.csproj", "{3C8AF3D1-4EB2-4312-A06B-948C69611B78}"
EndProject
Project("{9A19103F-16F7-4668-BE54-9A1E7A4F7556}") = "Med Storage Frontend", "Med Storage Frontend\Med Storage Frontend.csproj", "{9C14303C-710D-4716-83DC-C6490217BB79}"
EndProject
Global
	GlobalSection(SolutionConfigurationPlatforms) = preSolution
		Debug|Any CPU = Debug|Any CPU
		Release|Any CPU = Release|Any CPU
	EndGlobalSection
	GlobalSection(ProjectConfigurationPlatforms) = postSolution
		{3C8AF3D1-4EB2-4312-A06B-948C69611B78}.Debug|Any CPU.ActiveCfg = Debug|Any CPU
		{3C8AF3D1-4EB2-4312-A06B-948C69611B78}.Debug|Any CPU.Build.0 = Debug|Any CPU
		{3C8AF3D1-4EB2-4312-A06B-948C69611B78}.Release|Any CPU.ActiveCfg = Release|Any CPU
		{3C8AF3D1-4EB2-4312-A06B-948C69611B78}.Release|Any CPU.Build.0 = Release|Any CPU
		{9C14303C-710D-4716-83DC-C6490217BB79}.Debug|Any CPU.ActiveCfg = Debug|Any CPU
		{9C14303C-710D-4716-83DC-C6490217BB79}.Debug|Any CPU.Build.0 = Debug|Any CPU
		{9C14303C-710D-4716-83DC-C6490217BB79}.Release|Any CPU.ActiveCfg = Release|Any CPU
		{9C14303C-710D-4716-83DC-C6490217BB79}.Release|Any CPU.Build.0 = Release|Any CPU
	EndGlobalSection
	GlobalSection(SolutionProperties) = preSolution
		HideSolutionNode = FALSE
	EndGlobalSection
	GlobalSection(ExtensibilityGlobals) = postSolution
		SolutionGuid = {3947651D-9D65-475E-89D1-E9188CDD4B80}
	EndGlobalSection
EndGlobal
